
Microsoft Visual Studio Solution File, Format Version 11.00
# Visual Studio 2010
Project("{FAE04EC0-301F-11D3-BF4B-00C04F79EFBC}") = "UnityEngine.UI", "UnityEngine.UI.csproj", "{0bbdec29-82c1-d085-42a0-a883aa80deb4}"
EndProject
Project("{FAE04EC0-301F-11D3-BF4B-00C04F79EFBC}") = "Assembly-CSharp", "Assembly-CSharp.csproj", "{2684bb71-9e4d-5bca-feec-af85b2696e89}"
EndProject
Project("{FAE04EC0-301F-11D3-BF4B-00C04F79EFBC}") = "UnityEditor.UI", "UnityEditor.UI.csproj", "{dfa16e74-470d-5a9b-4dba-a3508365bc66}"
EndProject
Project("{FAE04EC0-301F-11D3-BF4B-00C04F79EFBC}") = "Unity.2D.Sprite.Editor", "Unity.2D.Sprite.Editor.csproj", "{137aaf56-4407-f792-9832-84422444066a}"
EndProject
Project("{FAE04EC0-301F-11D3-BF4B-00C04F79EFBC}") = "Unity.2D.Tilemap.Editor", "Unity.2D.Tilemap.Editor.csproj", "{e2af2f47-799d-c782-1f7c-085d699a7e32}"
EndProject
Global
	GlobalSection(SolutionConfigurationPlatforms) = preSolution
		Debug|Any CPU = Debug|Any CPU
	EndGlobalSection
	GlobalSection(ProjectConfigurationPlatforms) = postSolution
		{0bbdec29-82c1-d085-42a0-a883aa80deb4}.Debug|Any CPU.ActiveCfg = Debug|Any CPU
		{0bbdec29-82c1-d085-42a0-a883aa80deb4}.Debug|Any CPU.Build.0 = Debug|Any CPU
		{2684bb71-9e4d-5bca-feec-af85b2696e89}.Debug|Any CPU.ActiveCfg = Debug|Any CPU
		{2684bb71-9e4d-5bca-feec-af85b2696e89}.Debug|Any CPU.Build.0 = Debug|Any CPU
		{dfa16e74-470d-5a9b-4dba-a3508365bc66}.Debug|Any CPU.ActiveCfg = Debug|Any CPU
		{dfa16e74-470d-5a9b-4dba-a3508365bc66}.Debug|Any CPU.Build.0 = Debug|Any CPU
		{137aaf56-4407-f792-9832-84422444066a}.Debug|Any CPU.ActiveCfg = Debug|Any CPU
		{137aaf56-4407-f792-9832-84422444066a}.Debug|Any CPU.Build.0 = Debug|Any CPU
		{e2af2f47-799d-c782-1f7c-085d699a7e32}.Debug|Any CPU.ActiveCfg = Debug|Any CPU
		{e2af2f47-799d-c782-1f7c-085d699a7e32}.Debug|Any CPU.Build.0 = Debug|Any CPU
	EndGlobalSection
	GlobalSection(SolutionProperties) = preSolution
		HideSolutionNode = FALSE
	EndGlobalSection
EndGlobal
